PODS:
  - KVOController (1.1.0)
  - PureLayout (3.0.2)

DEPENDENCIES:
  - KVOController (~> 1.1.0)
  - PureLayout (~> 3.0.2)

SPEC CHECKSUMS:
  KVOController: 321b5fc59300fcaabd42c0f679baa7a27efbb2fd
  PureLayout: 4d550abe49a94f24c2808b9b95db9131685fe4cd

PODFILE CHECKSUM: 9af2908178d8f9188ebadc87579c1577cc8c8693

COCOAPODS: 1.0.1
