// !$*UTF8*$!
{
	archiveVersion = 1;
	classes = {
	};
	objectVersion = 46;
	objects = {

/* Begin PBXBuildFile section */
		39EB2686E1D6E3BB60DAA60C /* Pods_ScrollingHeader.framework in Frameworks */ = {isa = PBXBuildFile; fileRef = 909A6DEB749710C2A9D249A3 /* Pods_ScrollingHeader.framework */; };
		D10991B5173433ACB2C11DCF /* Pods_ScrollingHeaderDemo.framework in Frameworks */ = {isa = PBXBuildFile; fileRef = 0661E1D4C968E3DF09954089 /* Pods_ScrollingHeaderDemo.framework */; };
		D446C4981D65B993006A1B9C /* MineViewController.swift in Sources */ = {isa = PBXBuildFile; fileRef = D446C4971D65B993006A1B9C /* MineViewController.swift */; };
		D446C4A11D65BC92006A1B9C /* ScrollingHeader.h in Headers */ = {isa = PBXBuildFile; fileRef = D446C4A01D65BC92006A1B9C /* ScrollingHeader.h */; settings = {ATTRIBUTES = (Public, ); }; };
		D446C4AC1D65BEDB006A1B9C /* MHScrollingHeader.swift in Sources */ = {isa = PBXBuildFile; fileRef = D446C4AB1D65BEDB006A1B9C /* MHScrollingHeader.swift */; };
		D446C4AE1D65C6E5006A1B9C /* BeltBar.swift in Sources */ = {isa = PBXBuildFile; fileRef = D446C4AD1D65C6E5006A1B9C /* BeltBar.swift */; };
		D446C4B01D65D215006A1B9C /* PhotosViewController.swift in Sources */ = {isa = PBXBuildFile; fileRef = D446C4AF1D65D215006A1B9C /* PhotosViewController.swift */; };
		D446C4B21D65D27B006A1B9C /* StatusViewController.swift in Sources */ = {isa = PBXBuildFile; fileRef = D446C4B11D65D27B006A1B9C /* StatusViewController.swift */; };
		D446C4B41D65D507006A1B9C /* ProfileView.swift in Sources */ = {isa = PBXBuildFile; fileRef = D446C4B31D65D507006A1B9C /* ProfileView.swift */; };
		D48DE4571D65ABDB0074F6AE /* AppDelegate.swift in Sources */ = {isa = PBXBuildFile; fileRef = D48DE4561D65ABDB0074F6AE /* AppDelegate.swift */; };
		D48DE4591D65ABDB0074F6AE /* RootViewController.swift in Sources */ = {isa = PBXBuildFile; fileRef = D48DE4581D65ABDB0074F6AE /* RootViewController.swift */; };
		D48DE45E1D65ABDB0074F6AE /* Assets.xcassets in Resources */ = {isa = PBXBuildFile; fileRef = D48DE45D1D65ABDB0074F6AE /* Assets.xcassets */; };
		D48DE4611D65ABDB0074F6AE /* LaunchScreen.storyboard in Resources */ = {isa = PBXBuildFile; fileRef = D48DE45F1D65ABDB0074F6AE /* LaunchScreen.storyboard */; };
/* End PBXBuildFile section */

/* Begin PBXFileReference section */
		0661E1D4C968E3DF09954089 /* Pods_ScrollingHeaderDemo.framework */ = {isa = PBXFileReference; explicitFileType = wrapper.framework; includeInIndex = 0; path = Pods_ScrollingHeaderDemo.framework; sourceTree = BUILT_PRODUCTS_DIR; };
		184E5F2054AC027E31C9CEBA /* Pods-ScrollingHeaderDemo.debug.xcconfig */ = {isa = PBXFileReference; includeInIndex = 1; lastKnownFileType = text.xcconfig; name = "Pods-ScrollingHeaderDemo.debug.xcconfig"; path = "Pods/Target Support Files/Pods-ScrollingHeaderDemo/Pods-ScrollingHeaderDemo.debug.xcconfig"; sourceTree = "<group>"; };
		388F9BEA6CFB345D5C40A06C /* Pods-ScrollingHeader.debug.xcconfig */ = {isa = PBXFileReference; includeInIndex = 1; lastKnownFileType = text.xcconfig; name = "Pods-ScrollingHeader.debug.xcconfig"; path = "Pods/Target Support Files/Pods-ScrollingHeader/Pods-ScrollingHeader.debug.xcconfig"; sourceTree = "<group>"; };
		909A6DEB749710C2A9D249A3 /* Pods_ScrollingHeader.framework */ = {isa = PBXFileReference; explicitFileType = wrapper.framework; includeInIndex = 0; path = Pods_ScrollingHeader.framework; sourceTree = BUILT_PRODUCTS_DIR; };
		911F20A2E7830F76BAAFB2A6 /* Pods-ScrollingHeader.release.xcconfig */ = {isa = PBXFileReference; includeInIndex = 1; lastKnownFileType = text.xcconfig; name = "Pods-ScrollingHeader.release.xcconfig"; path = "Pods/Target Support Files/Pods-ScrollingHeader/Pods-ScrollingHeader.release.xcconfig"; sourceTree = "<group>"; };
		D446C4971D65B993006A1B9C /* MineViewController.swift */ = {isa = PBXFileReference; fileEncoding = 4; lastKnownFileType = sourcecode.swift; path = MineViewController.swift; sourceTree = "<group>"; };
		D446C49E1D65BC91006A1B9C /* ScrollingHeader.framework */ = {isa = PBXFileReference; explicitFileType = wrapper.framework; includeInIndex = 0; path = ScrollingHeader.framework; sourceTree = BUILT_PRODUCTS_DIR; };
		D446C4A01D65BC92006A1B9C /* ScrollingHeader.h */ = {isa = PBXFileReference; lastKnownFileType = sourcecode.c.h; path = ScrollingHeader.h; sourceTree = "<group>"; };
		D446C4A21D65BC92006A1B9C /* Info.plist */ = {isa = PBXFileReference; lastKnownFileType = text.plist.xml; path = Info.plist; sourceTree = "<group>"; };
		D446C4AB1D65BEDB006A1B9C /* MHScrollingHeader.swift */ = {isa = PBXFileReference; fileEncoding = 4; lastKnownFileType = sourcecode.swift; path = MHScrollingHeader.swift; sourceTree = "<group>"; };
		D446C4AD1D65C6E5006A1B9C /* BeltBar.swift */ = {isa = PBXFileReference; fileEncoding = 4; lastKnownFileType = sourcecode.swift; path = BeltBar.swift; sourceTree = "<group>"; };
		D446C4AF1D65D215006A1B9C /* PhotosViewController.swift */ = {isa = PBXFileReference; fileEncoding = 4; lastKnownFileType = sourcecode.swift; path = PhotosViewController.swift; sourceTree = "<group>"; };
		D446C4B11D65D27B006A1B9C /* StatusViewController.swift */ = {isa = PBXFileReference; fileEncoding = 4; lastKnownFileType = sourcecode.swift; path = StatusViewController.swift; sourceTree = "<group>"; };
		D446C4B31D65D507006A1B9C /* ProfileView.swift */ = {isa = PBXFileReference; fileEncoding = 4; lastKnownFileType = sourcecode.swift; path = ProfileView.swift; sourceTree = "<group>"; };
		D48DE4541D65ABDB0074F6AE /* ScrollingHeaderDemo.app */ = {isa = PBXFileReference; explicitFileType = wrapper.application; includeInIndex = 0; path = ScrollingHeaderDemo.app; sourceTree = BUILT_PRODUCTS_DIR; };
		D48DE4561D65ABDB0074F6AE /* AppDelegate.swift */ = {isa = PBXFileReference; lastKnownFileType = sourcecode.swift; path = AppDelegate.swift; sourceTree = "<group>"; };
		D48DE4581D65ABDB0074F6AE /* RootViewController.swift */ = {isa = PBXFileReference; lastKnownFileType = sourcecode.swift; path = RootViewController.swift; sourceTree = "<group>"; };
		D48DE45D1D65ABDB0074F6AE /* Assets.xcassets */ = {isa = PBXFileReference; lastKnownFileType = folder.assetcatalog; path = Assets.xcassets; sourceTree = "<group>"; };
		D48DE4601D65ABDB0074F6AE /* Base */ = {isa = PBXFileReference; lastKnownFileType = file.storyboard; name = Base; path = Base.lproj/LaunchScreen.storyboard; sourceTree = "<group>"; };
		D48DE4621D65ABDB0074F6AE /* Info.plist */ = {isa = PBXFileReference; lastKnownFileType = text.plist.xml; path = Info.plist; sourceTree = "<group>"; };
		EAA68688B45C305A3FC5C3BA /* Pods-ScrollingHeaderDemo.release.xcconfig */ = {isa = PBXFileReference; includeInIndex = 1; lastKnownFileType = text.xcconfig; name = "Pods-ScrollingHeaderDemo.release.xcconfig"; path = "Pods/Target Support Files/Pods-ScrollingHeaderDemo/Pods-ScrollingHeaderDemo.release.xcconfig"; sourceTree = "<group>"; };
/* End PBXFileReference section */

/* Begin PBXFrameworksBuildPhase section */
		D446C49A1D65BC91006A1B9C /* Frameworks */ = {
			isa = PBXFrameworksBuildPhase;
			buildActionMask = 2147483647;
			files = (
				39EB2686E1D6E3BB60DAA60C /* Pods_ScrollingHeader.framework in Frameworks */,
			);
			runOnlyForDeploymentPostprocessing = 0;
		};
		D48DE4511D65ABDB0074F6AE /* Frameworks */ = {
			isa = PBXFrameworksBuildPhase;
			buildActionMask = 2147483647;
			files = (
				D10991B5173433ACB2C11DCF /* Pods_ScrollingHeaderDemo.framework in Frameworks */,
			);
			runOnlyForDeploymentPostprocessing = 0;
		};
/* End PBXFrameworksBuildPhase section */

/* Begin PBXGroup section */
		04BC476A1B97372E005F8B7E = {
			isa = PBXGroup;
			children = (
				D48DE4551D65ABDB0074F6AE /* ScrollingHeaderDemo */,
				D446C49F1D65BC92006A1B9C /* ScrollingHeader */,
				04BC47741B97372E005F8B7E /* Products */,
				CB8E858A3B56CEC8542F7ED0 /* Frameworks */,
				35C909CC905216CA42EE4636 /* Pods */,
			);
			sourceTree = "<group>";
		};
		04BC47741B97372E005F8B7E /* Products */ = {
			isa = PBXGroup;
			children = (
				D48DE4541D65ABDB0074F6AE /* ScrollingHeaderDemo.app */,
				D446C49E1D65BC91006A1B9C /* ScrollingHeader.framework */,
			);
			name = Products;
			sourceTree = "<group>";
		};
		35C909CC905216CA42EE4636 /* Pods */ = {
			isa = PBXGroup;
			children = (
				184E5F2054AC027E31C9CEBA /* Pods-ScrollingHeaderDemo.debug.xcconfig */,
				EAA68688B45C305A3FC5C3BA /* Pods-ScrollingHeaderDemo.release.xcconfig */,
				388F9BEA6CFB345D5C40A06C /* Pods-ScrollingHeader.debug.xcconfig */,
				911F20A2E7830F76BAAFB2A6 /* Pods-ScrollingHeader.release.xcconfig */,
			);
			name = Pods;
			sourceTree = "<group>";
		};
		CB8E858A3B56CEC8542F7ED0 /* Frameworks */ = {
			isa = PBXGroup;
			children = (
				0661E1D4C968E3DF09954089 /* Pods_ScrollingHeaderDemo.framework */,
				909A6DEB749710C2A9D249A3 /* Pods_ScrollingHeader.framework */,
			);
			name = Frameworks;
			sourceTree = "<group>";
		};
		D446C49F1D65BC92006A1B9C /* ScrollingHeader */ = {
			isa = PBXGroup;
			children = (
				D446C4AB1D65BEDB006A1B9C /* MHScrollingHeader.swift */,
				D446C4A01D65BC92006A1B9C /* ScrollingHeader.h */,
				D446C4A21D65BC92006A1B9C /* Info.plist */,
			);
			path = ScrollingHeader;
			sourceTree = "<group>";
		};
		D48DE4551D65ABDB0074F6AE /* ScrollingHeaderDemo */ = {
			isa = PBXGroup;
			children = (
				D48DE4561D65ABDB0074F6AE /* AppDelegate.swift */,
				D48DE4581D65ABDB0074F6AE /* RootViewController.swift */,
				D48DE45D1D65ABDB0074F6AE /* Assets.xcassets */,
				D48DE45F1D65ABDB0074F6AE /* LaunchScreen.storyboard */,
				D48DE4621D65ABDB0074F6AE /* Info.plist */,
				D446C4971D65B993006A1B9C /* MineViewController.swift */,
				D446C4AD1D65C6E5006A1B9C /* BeltBar.swift */,
				D446C4AF1D65D215006A1B9C /* PhotosViewController.swift */,
				D446C4B11D65D27B006A1B9C /* StatusViewController.swift */,
				D446C4B31D65D507006A1B9C /* ProfileView.swift */,
			);
			path = ScrollingHeaderDemo;
			sourceTree = "<group>";
		};
/* End PBXGroup section */

/* Begin PBXHeadersBuildPhase section */
		D446C49B1D65BC91006A1B9C /* Headers */ = {
			isa = PBXHeadersBuildPhase;
			buildActionMask = 2147483647;
			files = (
				D446C4A11D65BC92006A1B9C /* ScrollingHeader.h in Headers */,
			);
			runOnlyForDeploymentPostprocessing = 0;
		};
/* End PBXHeadersBuildPhase section */

/* Begin PBXNativeTarget section */
		D446C49D1D65BC91006A1B9C /* ScrollingHeader */ = {
			isa = PBXNativeTarget;
			buildConfigurationList = D446C4A91D65BC92006A1B9C /* Build configuration list for PBXNativeTarget "ScrollingHeader" */;
			buildPhases = (
				9BF7B084BCB76AFB037A23B1 /* [CP] Check Pods Manifest.lock */,
				D446C4991D65BC91006A1B9C /* Sources */,
				D446C49A1D65BC91006A1B9C /* Frameworks */,
				D446C49B1D65BC91006A1B9C /* Headers */,
				D446C49C1D65BC91006A1B9C /* Resources */,
				1004365B0AEF56807AA41760 /* [CP] Copy Pods Resources */,
			);
			buildRules = (
			);
			dependencies = (
			);
			name = ScrollingHeader;
			productName = ScrollingHeader;
			productReference = D446C49E1D65BC91006A1B9C /* ScrollingHeader.framework */;
			productType = "com.apple.product-type.framework";
		};
		D48DE4531D65ABDB0074F6AE /* ScrollingHeaderDemo */ = {
			isa = PBXNativeTarget;
			buildConfigurationList = D48DE4631D65ABDB0074F6AE /* Build configuration list for PBXNativeTarget "ScrollingHeaderDemo" */;
			buildPhases = (
				6A0FC7FAA930A56CCDED6599 /* [CP] Check Pods Manifest.lock */,
				D48DE4501D65ABDB0074F6AE /* Sources */,
				D48DE4511D65ABDB0074F6AE /* Frameworks */,
				D48DE4521D65ABDB0074F6AE /* Resources */,
				D446C4961D65B892006A1B9C /* Swift Lint */,
				DC181AA28FD9AFDF84FD8125 /* [CP] Embed Pods Frameworks */,
				AAE8D48F9C3D466F1696AE36 /* [CP] Copy Pods Resources */,
			);
			buildRules = (
			);
			dependencies = (
			);
			name = ScrollingHeaderDemo;
			productName = ScrollingHeaderDemo;
			productReference = D48DE4541D65ABDB0074F6AE /* ScrollingHeaderDemo.app */;
			productType = "com.apple.product-type.application";
		};
/* End PBXNativeTarget section */

/* Begin PBXProject section */
		04BC476B1B97372E005F8B7E /* Project object */ = {
			isa = PBXProject;
			attributes = {
				LastSwiftUpdateCheck = 0730;
				LastUpgradeCheck = 0730;
				ORGANIZATIONNAME = mx;
				TargetAttributes = {
					D446C49D1D65BC91006A1B9C = {
						CreatedOnToolsVersion = 7.3.1;
					};
					D48DE4531D65ABDB0074F6AE = {
						CreatedOnToolsVersion = 7.3.1;
					};
				};
			};
			buildConfigurationList = 04BC476E1B97372E005F8B7E /* Build configuration list for PBXProject "MHScrollingHeader" */;
			compatibilityVersion = "Xcode 3.2";
			developmentRegion = English;
			hasScannedForEncodings = 0;
			knownRegions = (
				en,
				Base,
			);
			mainGroup = 04BC476A1B97372E005F8B7E;
			productRefGroup = 04BC47741B97372E005F8B7E /* Products */;
			projectDirPath = "";
			projectRoot = "";
			targets = (
				D48DE4531D65ABDB0074F6AE /* ScrollingHeaderDemo */,
				D446C49D1D65BC91006A1B9C /* ScrollingHeader */,
			);
		};
/* End PBXProject section */

/* Begin PBXResourcesBuildPhase section */
		D446C49C1D65BC91006A1B9C /* Resources */ = {
			isa = PBXResourcesBuildPhase;
			buildActionMask = 2147483647;
			files = (
			);
			runOnlyForDeploymentPostprocessing = 0;
		};
		D48DE4521D65ABDB0074F6AE /* Resources */ = {
			isa = PBXResourcesBuildPhase;
			buildActionMask = 2147483647;
			files = (
				D48DE4611D65ABDB0074F6AE /* LaunchScreen.storyboard in Resources */,
				D48DE45E1D65ABDB0074F6AE /* Assets.xcassets in Resources */,
			);
			runOnlyForDeploymentPostprocessing = 0;
		};
/* End PBXResourcesBuildPhase section */

/* Begin PBXShellScriptBuildPhase section */
		1004365B0AEF56807AA41760 /* [CP] Copy Pods Resources */ = {
			isa = PBXShellScriptBuildPhase;
			buildActionMask = 2147483647;
			files = (
			);
			inputPaths = (
			);
			name = "[CP] Copy Pods Resources";
			outputPaths = (
			);
			runOnlyForDeploymentPostprocessing = 0;
			shellPath = /bin/sh;
			shellScript = "\"${SRCROOT}/Pods/Target Support Files/Pods-ScrollingHeader/Pods-ScrollingHeader-resources.sh\"\n";
			showEnvVarsInLog = 0;
		};
		6A0FC7FAA930A56CCDED6599 /* [CP] Check Pods Manifest.lock */ = {
			isa = PBXShellScriptBuildPhase;
			buildActionMask = 2147483647;
			files = (
			);
			inputPaths = (
			);
			name = "[CP] Check Pods Manifest.lock";
			outputPaths = (
			);
			runOnlyForDeploymentPostprocessing = 0;
			shellPath = /bin/sh;
			shellScript = "diff \"${PODS_ROOT}/../Podfile.lock\" \"${PODS_ROOT}/Manifest.lock\" > /dev/null\nif [[ $? != 0 ]] ; then\n    cat << EOM\nerror: The sandbox is not in sync with the Podfile.lock. Run 'pod install' or update your CocoaPods installation.\nEOM\n    exit 1\nfi\n";
			showEnvVarsInLog = 0;
		};
		9BF7B084BCB76AFB037A23B1 /* [CP] Check Pods Manifest.lock */ = {
			isa = PBXShellScriptBuildPhase;
			buildActionMask = 2147483647;
			files = (
			);
			inputPaths = (
			);
			name = "[CP] Check Pods Manifest.lock";
			outputPaths = (
			);
			runOnlyForDeploymentPostprocessing = 0;
			shellPath = /bin/sh;
			shellScript = "diff \"${PODS_ROOT}/../Podfile.lock\" \"${PODS_ROOT}/Manifest.lock\" > /dev/null\nif [[ $? != 0 ]] ; then\n    cat << EOM\nerror: The sandbox is not in sync with the Podfile.lock. Run 'pod install' or update your CocoaPods installation.\nEOM\n    exit 1\nfi\n";
			showEnvVarsInLog = 0;
		};
		AAE8D48F9C3D466F1696AE36 /* [CP] Copy Pods Resources */ = {
			isa = PBXShellScriptBuildPhase;
			buildActionMask = 2147483647;
			files = (
			);
			inputPaths = (
			);
			name = "[CP] Copy Pods Resources";
			outputPaths = (
			);
			runOnlyForDeploymentPostprocessing = 0;
			shellPath = /bin/sh;
			shellScript = "\"${SRCROOT}/Pods/Target Support Files/Pods-ScrollingHeaderDemo/Pods-ScrollingHeaderDemo-resources.sh\"\n";
			showEnvVarsInLog = 0;
		};
		D446C4961D65B892006A1B9C /* Swift Lint */ = {
			isa = PBXShellScriptBuildPhase;
			buildActionMask = 2147483647;
			files = (
			);
			inputPaths = (
			);
			name = "Swift Lint";
			outputPaths = (
			);
			runOnlyForDeploymentPostprocessing = 0;
			shellPath = /bin/sh;
			shellScript = "if which swiftlint >/dev/null; then\n    swiftlint\nelse\n    echo \"warning: SwiftLint not installed, download from https://github.com/realm/SwiftLint\"\nfi";
		};
		DC181AA28FD9AFDF84FD8125 /* [CP] Embed Pods Frameworks */ = {
			isa = PBXShellScriptBuildPhase;
			buildActionMask = 2147483647;
			files = (
			);
			inputPaths = (
			);
			name = "[CP] Embed Pods Frameworks";
			outputPaths = (
			);
			runOnlyForDeploymentPostprocessing = 0;
			shellPath = /bin/sh;
			shellScript = "\"${SRCROOT}/Pods/Target Support Files/Pods-ScrollingHeaderDemo/Pods-ScrollingHeaderDemo-frameworks.sh\"\n";
			showEnvVarsInLog = 0;
		};
/* End PBXShellScriptBuildPhase section */

/* Begin PBXSourcesBuildPhase section */
		D446C4991D65BC91006A1B9C /* Sources */ = {
			isa = PBXSourcesBuildPhase;
			buildActionMask = 2147483647;
			files = (
				D446C4AC1D65BEDB006A1B9C /* MHScrollingHeader.swift in Sources */,
			);
			runOnlyForDeploymentPostprocessing = 0;
		};
		D48DE4501D65ABDB0074F6AE /* Sources */ = {
			isa = PBXSourcesBuildPhase;
			buildActionMask = 2147483647;
			files = (
				D446C4AE1D65C6E5006A1B9C /* BeltBar.swift in Sources */,
				D48DE4591D65ABDB0074F6AE /* RootViewController.swift in Sources */,
				D48DE4571D65ABDB0074F6AE /* AppDelegate.swift in Sources */,
				D446C4981D65B993006A1B9C /* MineViewController.swift in Sources */,
				D446C4B21D65D27B006A1B9C /* StatusViewController.swift in Sources */,
				D446C4B41D65D507006A1B9C /* ProfileView.swift in Sources */,
				D446C4B01D65D215006A1B9C /* PhotosViewController.swift in Sources */,
			);
			runOnlyForDeploymentPostprocessing = 0;
		};
/* End PBXSourcesBuildPhase section */

/* Begin PBXVariantGroup section */
		D48DE45F1D65ABDB0074F6AE /* LaunchScreen.storyboard */ = {
			isa = PBXVariantGroup;
			children = (
				D48DE4601D65ABDB0074F6AE /* Base */,
			);
			name = LaunchScreen.storyboard;
			sourceTree = "<group>";
		};
/* End PBXVariantGroup section */

/* Begin XCBuildConfiguration section */
		04BC47941B97372E005F8B7E /* Debug */ = {
			isa = XCBuildConfiguration;
			buildSettings = {
				ALWAYS_SEARCH_USER_PATHS = NO;
				CLANG_CXX_LANGUAGE_STANDARD = "gnu++0x";
				CLANG_CXX_LIBRARY = "libc++";
				CLANG_ENABLE_MODULES = YES;
				CLANG_ENABLE_OBJC_ARC = YES;
				CLANG_WARN_BOOL_CONVERSION = YES;
				CLANG_WARN_CONSTANT_CONVERSION = YES;
				CLANG_WARN_DIRECT_OBJC_ISA_USAGE = YES_ERROR;
				CLANG_WARN_EMPTY_BODY = YES;
				CLANG_WARN_ENUM_CONVERSION = YES;
				CLANG_WARN_INT_CONVERSION = YES;
				CLANG_WARN_OBJC_ROOT_CLASS = YES_ERROR;
				CLANG_WARN_UNREACHABLE_CODE = YES;
				CLANG_WARN__DUPLICATE_METHOD_MATCH = YES;
				"CODE_SIGN_IDENTITY[sdk=iphoneos*]" = "iPhone Developer";
				COPY_PHASE_STRIP = NO;
				DEBUG_INFORMATION_FORMAT = "dwarf-with-dsym";
				ENABLE_STRICT_OBJC_MSGSEND = YES;
				ENABLE_TESTABILITY = YES;
				GCC_C_LANGUAGE_STANDARD = gnu99;
				GCC_DYNAMIC_NO_PIC = NO;
				GCC_NO_COMMON_BLOCKS = YES;
				GCC_OPTIMIZATION_LEVEL = 0;
				GCC_PREPROCESSOR_DEFINITIONS = (
					"DEBUG=1",
					"$(inherited)",
				);
				GCC_SYMBOLS_PRIVATE_EXTERN = NO;
				GCC_WARN_64_TO_32_BIT_CONVERSION = YES;
				GCC_WARN_ABOUT_RETURN_TYPE = YES_ERROR;
				GCC_WARN_UNDECLARED_SELECTOR = YES;
				GCC_WARN_UNINITIALIZED_AUTOS = YES_AGGRESSIVE;
				GCC_WARN_UNUSED_FUNCTION = YES;
				GCC_WARN_UNUSED_VARIABLE = YES;
				IPHONEOS_DEPLOYMENT_TARGET = 8.3;
				MTL_ENABLE_DEBUG_INFO = YES;
				ONLY_ACTIVE_ARCH = YES;
				SDKROOT = iphoneos;
			};
			name = Debug;
		};
		04BC47951B97372E005F8B7E /* Release */ = {
			isa = XCBuildConfiguration;
			buildSettings = {
				ALWAYS_SEARCH_USER_PATHS = NO;
				CLANG_CXX_LANGUAGE_STANDARD = "gnu++0x";
				CLANG_CXX_LIBRARY = "libc++";
				CLANG_ENABLE_MODULES = YES;
				CLANG_ENABLE_OBJC_ARC = YES;
				CLANG_WARN_BOOL_CONVERSION = YES;
				CLANG_WARN_CONSTANT_CONVERSION = YES;
				CLANG_WARN_DIRECT_OBJC_ISA_USAGE = YES_ERROR;
				CLANG_WARN_EMPTY_BODY = YES;
				CLANG_WARN_ENUM_CONVERSION = YES;
				CLANG_WARN_INT_CONVERSION = YES;
				CLANG_WARN_OBJC_ROOT_CLASS = YES_ERROR;
				CLANG_WARN_UNREACHABLE_CODE = YES;
				CLANG_WARN__DUPLICATE_METHOD_MATCH = YES;
				"CODE_SIGN_IDENTITY[sdk=iphoneos*]" = "iPhone Developer";
				COPY_PHASE_STRIP = NO;
				DEBUG_INFORMATION_FORMAT = "dwarf-with-dsym";
				ENABLE_NS_ASSERTIONS = NO;
				ENABLE_STRICT_OBJC_MSGSEND = YES;
				GCC_C_LANGUAGE_STANDARD = gnu99;
				GCC_NO_COMMON_BLOCKS = YES;
				GCC_WARN_64_TO_32_BIT_CONVERSION = YES;
				GCC_WARN_ABOUT_RETURN_TYPE = YES_ERROR;
				GCC_WARN_UNDECLARED_SELECTOR = YES;
				GCC_WARN_UNINITIALIZED_AUTOS = YES_AGGRESSIVE;
				GCC_WARN_UNUSED_FUNCTION = YES;
				GCC_WARN_UNUSED_VARIABLE = YES;
				IPHONEOS_DEPLOYMENT_TARGET = 8.3;
				MTL_ENABLE_DEBUG_INFO = NO;
				SDKROOT = iphoneos;
				VALIDATE_PRODUCT = YES;
			};
			name = Release;
		};
		D446C4A71D65BC92006A1B9C /* Debug */ = {
			isa = XCBuildConfiguration;
			baseConfigurationReference = 388F9BEA6CFB345D5C40A06C /* Pods-ScrollingHeader.debug.xcconfig */;
			buildSettings = {
				CLANG_ANALYZER_NONNULL = YES;
				CLANG_ENABLE_MODULES = YES;
				CURRENT_PROJECT_VERSION = 1;
				DEBUG_INFORMATION_FORMAT = dwarf;
				DEFINES_MODULE = YES;
				DYLIB_COMPATIBILITY_VERSION = 1;
				DYLIB_CURRENT_VERSION = 1;
				DYLIB_INSTALL_NAME_BASE = "@rpath";
				INFOPLIST_FILE = ScrollingHeader/Info.plist;
				INSTALL_PATH = "$(LOCAL_LIBRARY_DIR)/Frameworks";
				IPHONEOS_DEPLOYMENT_TARGET = 9.3;
				LD_RUNPATH_SEARCH_PATHS = "$(inherited) @executable_path/Frameworks @loader_path/Frameworks";
				PRODUCT_BUNDLE_IDENTIFIER = com.mickeysha.ScrollingHeader;
				PRODUCT_NAME = "$(TARGET_NAME)";
				SKIP_INSTALL = YES;
				SWIFT_OPTIMIZATION_LEVEL = "-Onone";
				TARGETED_DEVICE_FAMILY = "1,2";
				VERSIONING_SYSTEM = "apple-generic";
				VERSION_INFO_PREFIX = "";
			};
			name = Debug;
		};
		D446C4A81D65BC92006A1B9C /* Release */ = {
			isa = XCBuildConfiguration;
			baseConfigurationReference = 911F20A2E7830F76BAAFB2A6 /* Pods-ScrollingHeader.release.xcconfig */;
			buildSettings = {
				CLANG_ANALYZER_NONNULL = YES;
				CLANG_ENABLE_MODULES = YES;
				CURRENT_PROJECT_VERSION = 1;
				DEFINES_MODULE = YES;
				DYLIB_COMPATIBILITY_VERSION = 1;
				DYLIB_CURRENT_VERSION = 1;
				DYLIB_INSTALL_NAME_BASE = "@rpath";
				INFOPLIST_FILE = ScrollingHeader/Info.plist;
				INSTALL_PATH = "$(LOCAL_LIBRARY_DIR)/Frameworks";
				IPHONEOS_DEPLOYMENT_TARGET = 9.3;
				LD_RUNPATH_SEARCH_PATHS = "$(inherited) @executable_path/Frameworks @loader_path/Frameworks";
				PRODUCT_BUNDLE_IDENTIFIER = com.mickeysha.ScrollingHeader;
				PRODUCT_NAME = "$(TARGET_NAME)";
				SKIP_INSTALL = YES;
				TARGETED_DEVICE_FAMILY = "1,2";
				VERSIONING_SYSTEM = "apple-generic";
				VERSION_INFO_PREFIX = "";
			};
			name = Release;
		};
		D48DE4641D65ABDB0074F6AE /* Debug */ = {
			isa = XCBuildConfiguration;
			baseConfigurationReference = 184E5F2054AC027E31C9CEBA /* Pods-ScrollingHeaderDemo.debug.xcconfig */;
			buildSettings = {
				ASSETCATALOG_COMPILER_APPICON_NAME = AppIcon;
				CLANG_ANALYZER_NONNULL = YES;
				DEBUG_INFORMATION_FORMAT = dwarf;
				INFOPLIST_FILE = ScrollingHeaderDemo/Info.plist;
				IPHONEOS_DEPLOYMENT_TARGET = 9.3;
				LD_RUNPATH_SEARCH_PATHS = "$(inherited) @executable_path/Frameworks";
				PRODUCT_BUNDLE_IDENTIFIER = com.mickeysha.ScrollingHeaderDemo;
				PRODUCT_NAME = "$(TARGET_NAME)";
				SWIFT_OPTIMIZATION_LEVEL = "-Onone";
			};
			name = Debug;
		};
		D48DE4651D65ABDB0074F6AE /* Release */ = {
			isa = XCBuildConfiguration;
			baseConfigurationReference = EAA68688B45C305A3FC5C3BA /* Pods-ScrollingHeaderDemo.release.xcconfig */;
			buildSettings = {
				ASSETCATALOG_COMPILER_APPICON_NAME = AppIcon;
				CLANG_ANALYZER_NONNULL = YES;
				INFOPLIST_FILE = ScrollingHeaderDemo/Info.plist;
				IPHONEOS_DEPLOYMENT_TARGET = 9.3;
				LD_RUNPATH_SEARCH_PATHS = "$(inherited) @executable_path/Frameworks";
				PRODUCT_BUNDLE_IDENTIFIER = com.mickeysha.ScrollingHeaderDemo;
				PRODUCT_NAME = "$(TARGET_NAME)";
			};
			name = Release;
		};
/* End XCBuildConfiguration section */

/* Begin XCConfigurationList section */
		04BC476E1B97372E005F8B7E /* Build configuration list for PBXProject "MHScrollingHeader" */ = {
			isa = XCConfigurationList;
			buildConfigurations = (
				04BC47941B97372E005F8B7E /* Debug */,
				04BC47951B97372E005F8B7E /* Release */,
			);
			defaultConfigurationIsVisible = 0;
			defaultConfigurationName = Release;
		};
		D446C4A91D65BC92006A1B9C /* Build configuration list for PBXNativeTarget "ScrollingHeader" */ = {
			isa = XCConfigurationList;
			buildConfigurations = (
				D446C4A71D65BC92006A1B9C /* Debug */,
				D446C4A81D65BC92006A1B9C /* Release */,
			);
			defaultConfigurationIsVisible = 0;
			defaultConfigurationName = Release;
		};
		D48DE4631D65ABDB0074F6AE /* Build configuration list for PBXNativeTarget "ScrollingHeaderDemo" */ = {
			isa = XCConfigurationList;
			buildConfigurations = (
				D48DE4641D65ABDB0074F6AE /* Debug */,
				D48DE4651D65ABDB0074F6AE /* Release */,
			);
			defaultConfigurationIsVisible = 0;
			defaultConfigurationName = Release;
		};
/* End XCConfigurationList section */
	};
	rootObject = 04BC476B1B97372E005F8B7E /* Project object */;
}
